
Microsoft Visual Studio Solution File, Format Version 12.00
# Visual Studio Version 16
VisualStudioVersion = 16.0.29123.88
MinimumVisualStudioVersion = 10.0.40219.1
Project("{9A19103F-16F7-4668-BE54-9A1E7A4F7556}") = "Task_0.1", "Task_0.1\Task_0.1.csproj", "{1BE3B2F7-7A46-4730-9478-4F54A43E5EA8}"
EndProject
Project("{9A19103F-16F7-4668-BE54-9A1E7A4F7556}") = "Task_0.2", "Task_0.2\Task_0.2.csproj", "{AC7061E7-6972-4DF3-A1AC-3881C24C978A}"
EndProject
Project("{9A19103F-16F7-4668-BE54-9A1E7A4F7556}") = "Task_0.3", "Task_0.3\Task_0.3.csproj", "{64326F01-CA97-4D9F-891C-360BD78C674F}"
EndProject
Project("{9A19103F-16F7-4668-BE54-9A1E7A4F7556}") = "Task_1.1", "Task_1.1\Task_1.1.csproj", "{23D3C346-BDF9-4953-B4B8-D84B4FF68F59}"
EndProject
Project("{9A19103F-16F7-4668-BE54-9A1E7A4F7556}") = "Task_1.2", "Task_1.2\Task_1.2.csproj", "{49DA01E7-AF22-42D0-8BCB-7A3ECBDA95F8}"
EndProject
Project("{9A19103F-16F7-4668-BE54-9A1E7A4F7556}") = "Task_1.3", "Task_1.3\Task_1.3.csproj", "{7A1B269E-C293-4CD8-BDED-F3DF80F17168}"
EndProject
Project("{9A19103F-16F7-4668-BE54-9A1E7A4F7556}") = "Task_1.4", "Task_1.4\Task_1.4.csproj", "{5DE05AFF-BC9A-4455-82CE-39788363ABA4}"
EndProject
Project("{9A19103F-16F7-4668-BE54-9A1E7A4F7556}") = "Task_1.5", "Task_1.5\Task_1.5.csproj", "{B0CA7A0F-DFFA-4266-B597-F40BE5218213}"
EndProject
Project("{9A19103F-16F7-4668-BE54-9A1E7A4F7556}") = "Task_1.6", "Task_1.6\Task_1.6.csproj", "{8E01D4E8-0962-4E1A-B4AB-935BB728257B}"
EndProject
Project("{9A19103F-16F7-4668-BE54-9A1E7A4F7556}") = "Task_1.7", "Task_1.7\Task_1.7.csproj", "{D419FB87-879A-4599-AB38-53E2405B0E39}"
EndProject
Project("{9A19103F-16F7-4668-BE54-9A1E7A4F7556}") = "Task_1.8", "Task_1.8\Task_1.8.csproj", "{FA3B157B-EF0D-4470-9170-9173DAEF1DD1}"
EndProject
Project("{9A19103F-16F7-4668-BE54-9A1E7A4F7556}") = "Task_1.9", "Task_1.9\Task_1.9.csproj", "{A760E6BF-068E-4210-B5FA-2A6FFC912A07}"
EndProject
Project("{9A19103F-16F7-4668-BE54-9A1E7A4F7556}") = "Task_1.10", "Task_1.10\Task_1.10.csproj", "{629AB6E2-3449-4EAA-821E-866E480CFD96}"
EndProject
Project("{9A19103F-16F7-4668-BE54-9A1E7A4F7556}") = "Task_1.11", "Task_1.11\Task_1.11.csproj", "{1A59F8D1-EA95-4C4E-86B5-7E9E87D65908}"
EndProject
Project("{9A19103F-16F7-4668-BE54-9A1E7A4F7556}") = "Task_1.12", "Task_1.12\Task_1.12.csproj", "{AEC97DEF-F159-47A4-AD4A-78198D51AE61}"
EndProject
Project("{9A19103F-16F7-4668-BE54-9A1E7A4F7556}") = "Task_2.1", "Task_2.1\Task_2.1.csproj", "{6FBFB519-23D2-4F67-B469-4CE2A6270783}"
EndProject
Project("{9A19103F-16F7-4668-BE54-9A1E7A4F7556}") = "Task_2.2", "Task_2.2\Task_2.2.csproj", "{167C0CAF-5F33-41FE-981C-750F39EDAC40}"
EndProject
Project("{9A19103F-16F7-4668-BE54-9A1E7A4F7556}") = "Task_2.3", "Task_2.3\Task_2.3.csproj", "{541B6921-AFC5-46FF-8592-F3D6B12A0502}"
EndProject
Project("{9A19103F-16F7-4668-BE54-9A1E7A4F7556}") = "Task_2.4", "Task_2.4\Task_2.4.csproj", "{4A09C191-4243-4176-888B-F8FA34A80F3A}"
EndProject
Project("{9A19103F-16F7-4668-BE54-9A1E7A4F7556}") = "Task_2.5", "Task_2.5\Task_2.5.csproj", "{38589F43-5A31-498D-A22D-A727AAB907B3}"
EndProject
Project("{9A19103F-16F7-4668-BE54-9A1E7A4F7556}") = "Task_2.6", "Task_2.6\Task_2.6.csproj", "{AC56690B-BB80-4326-B52F-1289D494787E}"
EndProject
Project("{9A19103F-16F7-4668-BE54-9A1E7A4F7556}") = "Task_2.7", "Task_2.7\Task_2.7.csproj", "{1D430D1A-A08C-4012-93A3-90645E1FB808}"
EndProject
Project("{9A19103F-16F7-4668-BE54-9A1E7A4F7556}") = "Task_2.8", "Task_2.8\Task_2.8.csproj", "{046C3EA4-4A72-4982-883D-6D186796061F}"
EndProject
Project("{9A19103F-16F7-4668-BE54-9A1E7A4F7556}") = "Task_3.1", "Task_3.1\Task_3.1.csproj", "{E4A81F13-8B77-45FB-BE19-4F850A1A69FF}"
EndProject
Project("{9A19103F-16F7-4668-BE54-9A1E7A4F7556}") = "Task_3.2", "Task_3.2\Task_3.2.csproj", "{F2C512A4-44D8-4708-AE88-EA16AF8C6EE8}"
EndProject
Project("{9A19103F-16F7-4668-BE54-9A1E7A4F7556}") = "Task_3.3", "Task_3.3\Task_3.3.csproj", "{832FA623-EC3F-4E71-99E1-7ECB3C13FEEC}"
EndProject
Project("{9A19103F-16F7-4668-BE54-9A1E7A4F7556}") = "Task_4.1", "Task_4.1\Task_4.1.csproj", "{288689AF-98F2-4380-A3DD-695610D33F90}"
EndProject
Project("{9A19103F-16F7-4668-BE54-9A1E7A4F7556}") = "Task_4.2", "Task_4.2\Task_4.2.csproj", "{70C9BE5B-E5B4-4892-986F-8BB9D66CFBC0}"
EndProject
Project("{9A19103F-16F7-4668-BE54-9A1E7A4F7556}") = "Task_4.3", "Task_4.3\Task_4.3.csproj", "{F290376E-3A4E-48B9-BBA1-9DB8280E6236}"
EndProject
Project("{9A19103F-16F7-4668-BE54-9A1E7A4F7556}") = "Task_4.5", "Task_4.5\Task_4.5.csproj", "{D1C22283-75D9-431A-A650-C2C69C01AE96}"
EndProject
Project("{9A19103F-16F7-4668-BE54-9A1E7A4F7556}") = "Task_4.6", "Task_4.6\Task_4.6.csproj", "{158F74E7-9378-42BB-91CC-6740F15FA2C1}"
EndProject
Project("{FAE04EC0-301F-11D3-BF4B-00C04F79EFBC}") = "Task_5.1", "Task_5.1\Task_5.1.csproj", "{3B3A8CCD-12C4-43B9-9AE9-EBA2F2EE48F1}"
EndProject
Project("{2150E333-8FDC-42A3-9474-1A3956D46DE8}") = "Tasks 0-5", "Tasks 0-5", "{DFA0B5C0-7F08-4DA8-9972-A0E0836A30A9}"
EndProject
Project("{FAE04EC0-301F-11D3-BF4B-00C04F79EFBC}") = "Users.PL", "Users.PL\Users.PL.csproj", "{79712192-F1E1-4E57-897D-8EEB3EE58FCC}"
	ProjectSection(ProjectDependencies) = postProject
		{5706CC0D-C206-4487-87A3-FF1E0845F3BC} = {5706CC0D-C206-4487-87A3-FF1E0845F3BC}
		{B2C40C72-55AE-43AA-BEC4-3DE438FFF4B0} = {B2C40C72-55AE-43AA-BEC4-3DE438FFF4B0}
	EndProjectSection
EndProject
Project("{FAE04EC0-301F-11D3-BF4B-00C04F79EFBC}") = "UserManager.BLL", "UserManager.BLL\UserManager.BLL.csproj", "{5706CC0D-C206-4487-87A3-FF1E0845F3BC}"
	ProjectSection(ProjectDependencies) = postProject
		{B2C40C72-55AE-43AA-BEC4-3DE438FFF4B0} = {B2C40C72-55AE-43AA-BEC4-3DE438FFF4B0}
		{2260FA73-DA0E-4F75-832E-BF36825EAD0A} = {2260FA73-DA0E-4F75-832E-BF36825EAD0A}
	EndProjectSection
EndProject
Project("{FAE04EC0-301F-11D3-BF4B-00C04F79EFBC}") = "Storage.DAL", "MemoryStorage.DAL\Storage.DAL.csproj", "{2260FA73-DA0E-4F75-832E-BF36825EAD0A}"
EndProject
Project("{FAE04EC0-301F-11D3-BF4B-00C04F79EFBC}") = "Users.Entities", "Users.Entities\Users.Entities.csproj", "{B2C40C72-55AE-43AA-BEC4-3DE438FFF4B0}"
EndProject
Project("{2150E333-8FDC-42A3-9474-1A3956D46DE8}") = "Task 6", "Task 6", "{AA7F0F89-79E0-4984-BC20-65EB47695652}"
EndProject
Project("{FAE04EC0-301F-11D3-BF4B-00C04F79EFBC}") = "AwardManager.BLL", "AwardManager.BLL\AwardManager.BLL.csproj", "{C60D8AE1-8E24-474A-BB60-CD8080C12E2E}"
EndProject
Project("{2150E333-8FDC-42A3-9474-1A3956D46DE8}") = "Task 7", "Task 7", "{4B3F6A52-5058-485B-9735-A6670EAB34E6}"
EndProject
Project("{FAE04EC0-301F-11D3-BF4B-00C04F79EFBC}") = "Task_7.1", "Task_7.1\Task_7.1.csproj", "{2CB44419-5221-4FAC-B0E0-1DA5A05AD8CE}"
EndProject
Project("{FAE04EC0-301F-11D3-BF4B-00C04F79EFBC}") = "Task_7.2", "Task_7.2\Task_7.2.csproj", "{B4972074-6904-4DF8-96D4-701588BEA36F}"
EndProject
Project("{FAE04EC0-301F-11D3-BF4B-00C04F79EFBC}") = "Task_7.3", "Task_7.3\Task_7.3.csproj", "{D6EFCD85-F7AD-468D-8EA5-23429968305B}"
EndProject
Project("{FAE04EC0-301F-11D3-BF4B-00C04F79EFBC}") = "Dependensies", "Dependensies\Dependensies.csproj", "{687633DB-CD84-4B3A-B2D0-5A22C7E7CA0B}"
EndProject
Global
	GlobalSection(SolutionConfigurationPlatforms) = preSolution
		Debug|Any CPU = Debug|Any CPU
		Release|Any CPU = Release|Any CPU
	EndGlobalSection
	GlobalSection(ProjectConfigurationPlatforms) = postSolution
		{1BE3B2F7-7A46-4730-9478-4F54A43E5EA8}.Debug|Any CPU.ActiveCfg = Debug|Any CPU
		{1BE3B2F7-7A46-4730-9478-4F54A43E5EA8}.Debug|Any CPU.Build.0 = Debug|Any CPU
		{1BE3B2F7-7A46-4730-9478-4F54A43E5EA8}.Release|Any CPU.ActiveCfg = Release|Any CPU
		{1BE3B2F7-7A46-4730-9478-4F54A43E5EA8}.Release|Any CPU.Build.0 = Release|Any CPU
		{AC7061E7-6972-4DF3-A1AC-3881C24C978A}.Debug|Any CPU.ActiveCfg = Debug|Any CPU
		{AC7061E7-6972-4DF3-A1AC-3881C24C978A}.Debug|Any CPU.Build.0 = Debug|Any CPU
		{AC7061E7-6972-4DF3-A1AC-3881C24C978A}.Release|Any CPU.ActiveCfg = Release|Any CPU
		{AC7061E7-6972-4DF3-A1AC-3881C24C978A}.Release|Any CPU.Build.0 = Release|Any CPU
		{64326F01-CA97-4D9F-891C-360BD78C674F}.Debug|Any CPU.ActiveCfg = Debug|Any CPU
		{64326F01-CA97-4D9F-891C-360BD78C674F}.Debug|Any CPU.Build.0 = Debug|Any CPU
		{64326F01-CA97-4D9F-891C-360BD78C674F}.Release|Any CPU.ActiveCfg = Release|Any CPU
		{64326F01-CA97-4D9F-891C-360BD78C674F}.Release|Any CPU.Build.0 = Release|Any CPU
		{23D3C346-BDF9-4953-B4B8-D84B4FF68F59}.Debug|Any CPU.ActiveCfg = Debug|Any CPU
		{23D3C346-BDF9-4953-B4B8-D84B4FF68F59}.Debug|Any CPU.Build.0 = Debug|Any CPU
		{23D3C346-BDF9-4953-B4B8-D84B4FF68F59}.Release|Any CPU.ActiveCfg = Release|Any CPU
		{23D3C346-BDF9-4953-B4B8-D84B4FF68F59}.Release|Any CPU.Build.0 = Release|Any CPU
		{49DA01E7-AF22-42D0-8BCB-7A3ECBDA95F8}.Debug|Any CPU.ActiveCfg = Debug|Any CPU
		{49DA01E7-AF22-42D0-8BCB-7A3ECBDA95F8}.Debug|Any CPU.Build.0 = Debug|Any CPU
		{49DA01E7-AF22-42D0-8BCB-7A3ECBDA95F8}.Release|Any CPU.ActiveCfg = Release|Any CPU
		{49DA01E7-AF22-42D0-8BCB-7A3ECBDA95F8}.Release|Any CPU.Build.0 = Release|Any CPU
		{7A1B269E-C293-4CD8-BDED-F3DF80F17168}.Debug|Any CPU.ActiveCfg = Debug|Any CPU
		{7A1B269E-C293-4CD8-BDED-F3DF80F17168}.Debug|Any CPU.Build.0 = Debug|Any CPU
		{7A1B269E-C293-4CD8-BDED-F3DF80F17168}.Release|Any CPU.ActiveCfg = Release|Any CPU
		{7A1B269E-C293-4CD8-BDED-F3DF80F17168}.Release|Any CPU.Build.0 = Release|Any CPU
		{5DE05AFF-BC9A-4455-82CE-39788363ABA4}.Debug|Any CPU.ActiveCfg = Debug|Any CPU
		{5DE05AFF-BC9A-4455-82CE-39788363ABA4}.Debug|Any CPU.Build.0 = Debug|Any CPU
		{5DE05AFF-BC9A-4455-82CE-39788363ABA4}.Release|Any CPU.ActiveCfg = Release|Any CPU
		{5DE05AFF-BC9A-4455-82CE-39788363ABA4}.Release|Any CPU.Build.0 = Release|Any CPU
		{B0CA7A0F-DFFA-4266-B597-F40BE5218213}.Debug|Any CPU.ActiveCfg = Debug|Any CPU
		{B0CA7A0F-DFFA-4266-B597-F40BE5218213}.Debug|Any CPU.Build.0 = Debug|Any CPU
		{B0CA7A0F-DFFA-4266-B597-F40BE5218213}.Release|Any CPU.ActiveCfg = Release|Any CPU
		{B0CA7A0F-DFFA-4266-B597-F40BE5218213}.Release|Any CPU.Build.0 = Release|Any CPU
		{8E01D4E8-0962-4E1A-B4AB-935BB728257B}.Debug|Any CPU.ActiveCfg = Debug|Any CPU
		{8E01D4E8-0962-4E1A-B4AB-935BB728257B}.Debug|Any CPU.Build.0 = Debug|Any CPU
		{8E01D4E8-0962-4E1A-B4AB-935BB728257B}.Release|Any CPU.ActiveCfg = Release|Any CPU
		{8E01D4E8-0962-4E1A-B4AB-935BB728257B}.Release|Any CPU.Build.0 = Release|Any CPU
		{D419FB87-879A-4599-AB38-53E2405B0E39}.Debug|Any CPU.ActiveCfg = Debug|Any CPU
		{D419FB87-879A-4599-AB38-53E2405B0E39}.Debug|Any CPU.Build.0 = Debug|Any CPU
		{D419FB87-879A-4599-AB38-53E2405B0E39}.Release|Any CPU.ActiveCfg = Release|Any CPU
		{D419FB87-879A-4599-AB38-53E2405B0E39}.Release|Any CPU.Build.0 = Release|Any CPU
		{FA3B157B-EF0D-4470-9170-9173DAEF1DD1}.Debug|Any CPU.ActiveCfg = Debug|Any CPU
		{FA3B157B-EF0D-4470-9170-9173DAEF1DD1}.Debug|Any CPU.Build.0 = Debug|Any CPU
		{FA3B157B-EF0D-4470-9170-9173DAEF1DD1}.Release|Any CPU.ActiveCfg = Release|Any CPU
		{FA3B157B-EF0D-4470-9170-9173DAEF1DD1}.Release|Any CPU.Build.0 = Release|Any CPU
		{A760E6BF-068E-4210-B5FA-2A6FFC912A07}.Debug|Any CPU.ActiveCfg = Debug|Any CPU
		{A760E6BF-068E-4210-B5FA-2A6FFC912A07}.Debug|Any CPU.Build.0 = Debug|Any CPU
		{A760E6BF-068E-4210-B5FA-2A6FFC912A07}.Release|Any CPU.ActiveCfg = Release|Any CPU
		{A760E6BF-068E-4210-B5FA-2A6FFC912A07}.Release|Any CPU.Build.0 = Release|Any CPU
		{629AB6E2-3449-4EAA-821E-866E480CFD96}.Debug|Any CPU.ActiveCfg = Debug|Any CPU
		{629AB6E2-3449-4EAA-821E-866E480CFD96}.Debug|Any CPU.Build.0 = Debug|Any CPU
		{629AB6E2-3449-4EAA-821E-866E480CFD96}.Release|Any CPU.ActiveCfg = Release|Any CPU
		{629AB6E2-3449-4EAA-821E-866E480CFD96}.Release|Any CPU.Build.0 = Release|Any CPU
		{1A59F8D1-EA95-4C4E-86B5-7E9E87D65908}.Debug|Any CPU.ActiveCfg = Debug|Any CPU
		{1A59F8D1-EA95-4C4E-86B5-7E9E87D65908}.Debug|Any CPU.Build.0 = Debug|Any CPU
		{1A59F8D1-EA95-4C4E-86B5-7E9E87D65908}.Release|Any CPU.ActiveCfg = Release|Any CPU
		{1A59F8D1-EA95-4C4E-86B5-7E9E87D65908}.Release|Any CPU.Build.0 = Release|Any CPU
		{AEC97DEF-F159-47A4-AD4A-78198D51AE61}.Debug|Any CPU.ActiveCfg = Debug|Any CPU
		{AEC97DEF-F159-47A4-AD4A-78198D51AE61}.Debug|Any CPU.Build.0 = Debug|Any CPU
		{AEC97DEF-F159-47A4-AD4A-78198D51AE61}.Release|Any CPU.ActiveCfg = Release|Any CPU
		{AEC97DEF-F159-47A4-AD4A-78198D51AE61}.Release|Any CPU.Build.0 = Release|Any CPU
		{6FBFB519-23D2-4F67-B469-4CE2A6270783}.Debug|Any CPU.ActiveCfg = Debug|Any CPU
		{6FBFB519-23D2-4F67-B469-4CE2A6270783}.Debug|Any CPU.Build.0 = Debug|Any CPU
		{6FBFB519-23D2-4F67-B469-4CE2A6270783}.Release|Any CPU.ActiveCfg = Release|Any CPU
		{6FBFB519-23D2-4F67-B469-4CE2A6270783}.Release|Any CPU.Build.0 = Release|Any CPU
		{167C0CAF-5F33-41FE-981C-750F39EDAC40}.Debug|Any CPU.ActiveCfg = Debug|Any CPU
		{167C0CAF-5F33-41FE-981C-750F39EDAC40}.Debug|Any CPU.Build.0 = Debug|Any CPU
		{167C0CAF-5F33-41FE-981C-750F39EDAC40}.Release|Any CPU.ActiveCfg = Release|Any CPU
		{167C0CAF-5F33-41FE-981C-750F39EDAC40}.Release|Any CPU.Build.0 = Release|Any CPU
		{541B6921-AFC5-46FF-8592-F3D6B12A0502}.Debug|Any CPU.ActiveCfg = Debug|Any CPU
		{541B6921-AFC5-46FF-8592-F3D6B12A0502}.Debug|Any CPU.Build.0 = Debug|Any CPU
		{541B6921-AFC5-46FF-8592-F3D6B12A0502}.Release|Any CPU.ActiveCfg = Release|Any CPU
		{541B6921-AFC5-46FF-8592-F3D6B12A0502}.Release|Any CPU.Build.0 = Release|Any CPU
		{4A09C191-4243-4176-888B-F8FA34A80F3A}.Debug|Any CPU.ActiveCfg = Debug|Any CPU
		{4A09C191-4243-4176-888B-F8FA34A80F3A}.Debug|Any CPU.Build.0 = Debug|Any CPU
		{4A09C191-4243-4176-888B-F8FA34A80F3A}.Release|Any CPU.ActiveCfg = Release|Any CPU
		{4A09C191-4243-4176-888B-F8FA34A80F3A}.Release|Any CPU.Build.0 = Release|Any CPU
		{38589F43-5A31-498D-A22D-A727AAB907B3}.Debug|Any CPU.ActiveCfg = Debug|Any CPU
		{38589F43-5A31-498D-A22D-A727AAB907B3}.Debug|Any CPU.Build.0 = Debug|Any CPU
		{38589F43-5A31-498D-A22D-A727AAB907B3}.Release|Any CPU.ActiveCfg = Release|Any CPU
		{38589F43-5A31-498D-A22D-A727AAB907B3}.Release|Any CPU.Build.0 = Release|Any CPU
		{AC56690B-BB80-4326-B52F-1289D494787E}.Debug|Any CPU.ActiveCfg = Debug|Any CPU
		{AC56690B-BB80-4326-B52F-1289D494787E}.Debug|Any CPU.Build.0 = Debug|Any CPU
		{AC56690B-BB80-4326-B52F-1289D494787E}.Release|Any CPU.ActiveCfg = Release|Any CPU
		{AC56690B-BB80-4326-B52F-1289D494787E}.Release|Any CPU.Build.0 = Release|Any CPU
		{1D430D1A-A08C-4012-93A3-90645E1FB808}.Debug|Any CPU.ActiveCfg = Debug|Any CPU
		{1D430D1A-A08C-4012-93A3-90645E1FB808}.Debug|Any CPU.Build.0 = Debug|Any CPU
		{1D430D1A-A08C-4012-93A3-90645E1FB808}.Release|Any CPU.ActiveCfg = Release|Any CPU
		{1D430D1A-A08C-4012-93A3-90645E1FB808}.Release|Any CPU.Build.0 = Release|Any CPU
		{046C3EA4-4A72-4982-883D-6D186796061F}.Debug|Any CPU.ActiveCfg = Debug|Any CPU
		{046C3EA4-4A72-4982-883D-6D186796061F}.Debug|Any CPU.Build.0 = Debug|Any CPU
		{046C3EA4-4A72-4982-883D-6D186796061F}.Release|Any CPU.ActiveCfg = Release|Any CPU
		{046C3EA4-4A72-4982-883D-6D186796061F}.Release|Any CPU.Build.0 = Release|Any CPU
		{E4A81F13-8B77-45FB-BE19-4F850A1A69FF}.Debug|Any CPU.ActiveCfg = Debug|Any CPU
		{E4A81F13-8B77-45FB-BE19-4F850A1A69FF}.Debug|Any CPU.Build.0 = Debug|Any CPU
		{E4A81F13-8B77-45FB-BE19-4F850A1A69FF}.Release|Any CPU.ActiveCfg = Release|Any CPU
		{E4A81F13-8B77-45FB-BE19-4F850A1A69FF}.Release|Any CPU.Build.0 = Release|Any CPU
		{F2C512A4-44D8-4708-AE88-EA16AF8C6EE8}.Debug|Any CPU.ActiveCfg = Debug|Any CPU
		{F2C512A4-44D8-4708-AE88-EA16AF8C6EE8}.Debug|Any CPU.Build.0 = Debug|Any CPU
		{F2C512A4-44D8-4708-AE88-EA16AF8C6EE8}.Release|Any CPU.ActiveCfg = Release|Any CPU
		{F2C512A4-44D8-4708-AE88-EA16AF8C6EE8}.Release|Any CPU.Build.0 = Release|Any CPU
		{832FA623-EC3F-4E71-99E1-7ECB3C13FEEC}.Debug|Any CPU.ActiveCfg = Debug|Any CPU
		{832FA623-EC3F-4E71-99E1-7ECB3C13FEEC}.Debug|Any CPU.Build.0 = Debug|Any CPU
		{832FA623-EC3F-4E71-99E1-7ECB3C13FEEC}.Release|Any CPU.ActiveCfg = Release|Any CPU
		{832FA623-EC3F-4E71-99E1-7ECB3C13FEEC}.Release|Any CPU.Build.0 = Release|Any CPU
		{288689AF-98F2-4380-A3DD-695610D33F90}.Debug|Any CPU.ActiveCfg = Debug|Any CPU
		{288689AF-98F2-4380-A3DD-695610D33F90}.Debug|Any CPU.Build.0 = Debug|Any CPU
		{288689AF-98F2-4380-A3DD-695610D33F90}.Release|Any CPU.ActiveCfg = Release|Any CPU
		{288689AF-98F2-4380-A3DD-695610D33F90}.Release|Any CPU.Build.0 = Release|Any CPU
		{70C9BE5B-E5B4-4892-986F-8BB9D66CFBC0}.Debug|Any CPU.ActiveCfg = Debug|Any CPU
		{70C9BE5B-E5B4-4892-986F-8BB9D66CFBC0}.Debug|Any CPU.Build.0 = Debug|Any CPU
		{70C9BE5B-E5B4-4892-986F-8BB9D66CFBC0}.Release|Any CPU.ActiveCfg = Release|Any CPU
		{70C9BE5B-E5B4-4892-986F-8BB9D66CFBC0}.Release|Any CPU.Build.0 = Release|Any CPU
		{F290376E-3A4E-48B9-BBA1-9DB8280E6236}.Debug|Any CPU.ActiveCfg = Debug|Any CPU
		{F290376E-3A4E-48B9-BBA1-9DB8280E6236}.Debug|Any CPU.Build.0 = Debug|Any CPU
		{F290376E-3A4E-48B9-BBA1-9DB8280E6236}.Release|Any CPU.ActiveCfg = Release|Any CPU
		{F290376E-3A4E-48B9-BBA1-9DB8280E6236}.Release|Any CPU.Build.0 = Release|Any CPU
		{D1C22283-75D9-431A-A650-C2C69C01AE96}.Debug|Any CPU.ActiveCfg = Debug|Any CPU
		{D1C22283-75D9-431A-A650-C2C69C01AE96}.Debug|Any CPU.Build.0 = Debug|Any CPU
		{D1C22283-75D9-431A-A650-C2C69C01AE96}.Release|Any CPU.ActiveCfg = Release|Any CPU
		{D1C22283-75D9-431A-A650-C2C69C01AE96}.Release|Any CPU.Build.0 = Release|Any CPU
		{158F74E7-9378-42BB-91CC-6740F15FA2C1}.Debug|Any CPU.ActiveCfg = Debug|Any CPU
		{158F74E7-9378-42BB-91CC-6740F15FA2C1}.Debug|Any CPU.Build.0 = Debug|Any CPU
		{158F74E7-9378-42BB-91CC-6740F15FA2C1}.Release|Any CPU.ActiveCfg = Release|Any CPU
		{158F74E7-9378-42BB-91CC-6740F15FA2C1}.Release|Any CPU.Build.0 = Release|Any CPU
		{3B3A8CCD-12C4-43B9-9AE9-EBA2F2EE48F1}.Debug|Any CPU.ActiveCfg = Debug|Any CPU
		{3B3A8CCD-12C4-43B9-9AE9-EBA2F2EE48F1}.Debug|Any CPU.Build.0 = Debug|Any CPU
		{3B3A8CCD-12C4-43B9-9AE9-EBA2F2EE48F1}.Release|Any CPU.ActiveCfg = Release|Any CPU
		{3B3A8CCD-12C4-43B9-9AE9-EBA2F2EE48F1}.Release|Any CPU.Build.0 = Release|Any CPU
		{79712192-F1E1-4E57-897D-8EEB3EE58FCC}.Debug|Any CPU.ActiveCfg = Debug|Any CPU
		{79712192-F1E1-4E57-897D-8EEB3EE58FCC}.Debug|Any CPU.Build.0 = Debug|Any CPU
		{79712192-F1E1-4E57-897D-8EEB3EE58FCC}.Release|Any CPU.ActiveCfg = Release|Any CPU
		{79712192-F1E1-4E57-897D-8EEB3EE58FCC}.Release|Any CPU.Build.0 = Release|Any CPU
		{5706CC0D-C206-4487-87A3-FF1E0845F3BC}.Debug|Any CPU.ActiveCfg = Debug|Any CPU
		{5706CC0D-C206-4487-87A3-FF1E0845F3BC}.Debug|Any CPU.Build.0 = Debug|Any CPU
		{5706CC0D-C206-4487-87A3-FF1E0845F3BC}.Release|Any CPU.ActiveCfg = Release|Any CPU
		{5706CC0D-C206-4487-87A3-FF1E0845F3BC}.Release|Any CPU.Build.0 = Release|Any CPU
		{2260FA73-DA0E-4F75-832E-BF36825EAD0A}.Debug|Any CPU.ActiveCfg = Debug|Any CPU
		{2260FA73-DA0E-4F75-832E-BF36825EAD0A}.Debug|Any CPU.Build.0 = Debug|Any CPU
		{2260FA73-DA0E-4F75-832E-BF36825EAD0A}.Release|Any CPU.ActiveCfg = Release|Any CPU
		{2260FA73-DA0E-4F75-832E-BF36825EAD0A}.Release|Any CPU.Build.0 = Release|Any CPU
		{B2C40C72-55AE-43AA-BEC4-3DE438FFF4B0}.Debug|Any CPU.ActiveCfg = Debug|Any CPU
		{B2C40C72-55AE-43AA-BEC4-3DE438FFF4B0}.Debug|Any CPU.Build.0 = Debug|Any CPU
		{B2C40C72-55AE-43AA-BEC4-3DE438FFF4B0}.Release|Any CPU.ActiveCfg = Release|Any CPU
		{B2C40C72-55AE-43AA-BEC4-3DE438FFF4B0}.Release|Any CPU.Build.0 = Release|Any CPU
		{C60D8AE1-8E24-474A-BB60-CD8080C12E2E}.Debug|Any CPU.ActiveCfg = Debug|Any CPU
		{C60D8AE1-8E24-474A-BB60-CD8080C12E2E}.Debug|Any CPU.Build.0 = Debug|Any CPU
		{C60D8AE1-8E24-474A-BB60-CD8080C12E2E}.Release|Any CPU.ActiveCfg = Release|Any CPU
		{C60D8AE1-8E24-474A-BB60-CD8080C12E2E}.Release|Any CPU.Build.0 = Release|Any CPU
		{2CB44419-5221-4FAC-B0E0-1DA5A05AD8CE}.Debug|Any CPU.ActiveCfg = Debug|Any CPU
		{2CB44419-5221-4FAC-B0E0-1DA5A05AD8CE}.Debug|Any CPU.Build.0 = Debug|Any CPU
		{2CB44419-5221-4FAC-B0E0-1DA5A05AD8CE}.Release|Any CPU.ActiveCfg = Release|Any CPU
		{2CB44419-5221-4FAC-B0E0-1DA5A05AD8CE}.Release|Any CPU.Build.0 = Release|Any CPU
		{B4972074-6904-4DF8-96D4-701588BEA36F}.Debug|Any CPU.ActiveCfg = Debug|Any CPU
		{B4972074-6904-4DF8-96D4-701588BEA36F}.Debug|Any CPU.Build.0 = Debug|Any CPU
		{B4972074-6904-4DF8-96D4-701588BEA36F}.Release|Any CPU.ActiveCfg = Release|Any CPU
		{B4972074-6904-4DF8-96D4-701588BEA36F}.Release|Any CPU.Build.0 = Release|Any CPU
		{D6EFCD85-F7AD-468D-8EA5-23429968305B}.Debug|Any CPU.ActiveCfg = Debug|Any CPU
		{D6EFCD85-F7AD-468D-8EA5-23429968305B}.Debug|Any CPU.Build.0 = Debug|Any CPU
		{D6EFCD85-F7AD-468D-8EA5-23429968305B}.Release|Any CPU.ActiveCfg = Release|Any CPU
		{D6EFCD85-F7AD-468D-8EA5-23429968305B}.Release|Any CPU.Build.0 = Release|Any CPU
		{687633DB-CD84-4B3A-B2D0-5A22C7E7CA0B}.Debug|Any CPU.ActiveCfg = Debug|Any CPU
		{687633DB-CD84-4B3A-B2D0-5A22C7E7CA0B}.Debug|Any CPU.Build.0 = Debug|Any CPU
		{687633DB-CD84-4B3A-B2D0-5A22C7E7CA0B}.Release|Any CPU.ActiveCfg = Release|Any CPU
		{687633DB-CD84-4B3A-B2D0-5A22C7E7CA0B}.Release|Any CPU.Build.0 = Release|Any CPU
	EndGlobalSection
	GlobalSection(SolutionProperties) = preSolution
		HideSolutionNode = FALSE
	EndGlobalSection
	GlobalSection(NestedProjects) = preSolution
		{1BE3B2F7-7A46-4730-9478-4F54A43E5EA8} = {DFA0B5C0-7F08-4DA8-9972-A0E0836A30A9}
		{AC7061E7-6972-4DF3-A1AC-3881C24C978A} = {DFA0B5C0-7F08-4DA8-9972-A0E0836A30A9}
		{64326F01-CA97-4D9F-891C-360BD78C674F} = {DFA0B5C0-7F08-4DA8-9972-A0E0836A30A9}
		{23D3C346-BDF9-4953-B4B8-D84B4FF68F59} = {DFA0B5C0-7F08-4DA8-9972-A0E0836A30A9}
		{49DA01E7-AF22-42D0-8BCB-7A3ECBDA95F8} = {DFA0B5C0-7F08-4DA8-9972-A0E0836A30A9}
		{7A1B269E-C293-4CD8-BDED-F3DF80F17168} = {DFA0B5C0-7F08-4DA8-9972-A0E0836A30A9}
		{5DE05AFF-BC9A-4455-82CE-39788363ABA4} = {DFA0B5C0-7F08-4DA8-9972-A0E0836A30A9}
		{B0CA7A0F-DFFA-4266-B597-F40BE5218213} = {DFA0B5C0-7F08-4DA8-9972-A0E0836A30A9}
		{8E01D4E8-0962-4E1A-B4AB-935BB728257B} = {DFA0B5C0-7F08-4DA8-9972-A0E0836A30A9}
		{D419FB87-879A-4599-AB38-53E2405B0E39} = {DFA0B5C0-7F08-4DA8-9972-A0E0836A30A9}
		{FA3B157B-EF0D-4470-9170-9173DAEF1DD1} = {DFA0B5C0-7F08-4DA8-9972-A0E0836A30A9}
		{A760E6BF-068E-4210-B5FA-2A6FFC912A07} = {DFA0B5C0-7F08-4DA8-9972-A0E0836A30A9}
		{629AB6E2-3449-4EAA-821E-866E480CFD96} = {DFA0B5C0-7F08-4DA8-9972-A0E0836A30A9}
		{1A59F8D1-EA95-4C4E-86B5-7E9E87D65908} = {DFA0B5C0-7F08-4DA8-9972-A0E0836A30A9}
		{AEC97DEF-F159-47A4-AD4A-78198D51AE61} = {DFA0B5C0-7F08-4DA8-9972-A0E0836A30A9}
		{6FBFB519-23D2-4F67-B469-4CE2A6270783} = {DFA0B5C0-7F08-4DA8-9972-A0E0836A30A9}
		{167C0CAF-5F33-41FE-981C-750F39EDAC40} = {DFA0B5C0-7F08-4DA8-9972-A0E0836A30A9}
		{541B6921-AFC5-46FF-8592-F3D6B12A0502} = {DFA0B5C0-7F08-4DA8-9972-A0E0836A30A9}
		{4A09C191-4243-4176-888B-F8FA34A80F3A} = {DFA0B5C0-7F08-4DA8-9972-A0E0836A30A9}
		{38589F43-5A31-498D-A22D-A727AAB907B3} = {DFA0B5C0-7F08-4DA8-9972-A0E0836A30A9}
		{AC56690B-BB80-4326-B52F-1289D494787E} = {DFA0B5C0-7F08-4DA8-9972-A0E0836A30A9}
		{1D430D1A-A08C-4012-93A3-90645E1FB808} = {DFA0B5C0-7F08-4DA8-9972-A0E0836A30A9}
		{046C3EA4-4A72-4982-883D-6D186796061F} = {DFA0B5C0-7F08-4DA8-9972-A0E0836A30A9}
		{E4A81F13-8B77-45FB-BE19-4F850A1A69FF} = {DFA0B5C0-7F08-4DA8-9972-A0E0836A30A9}
		{F2C512A4-44D8-4708-AE88-EA16AF8C6EE8} = {DFA0B5C0-7F08-4DA8-9972-A0E0836A30A9}
		{832FA623-EC3F-4E71-99E1-7ECB3C13FEEC} = {DFA0B5C0-7F08-4DA8-9972-A0E0836A30A9}
		{288689AF-98F2-4380-A3DD-695610D33F90} = {DFA0B5C0-7F08-4DA8-9972-A0E0836A30A9}
		{70C9BE5B-E5B4-4892-986F-8BB9D66CFBC0} = {DFA0B5C0-7F08-4DA8-9972-A0E0836A30A9}
		{F290376E-3A4E-48B9-BBA1-9DB8280E6236} = {DFA0B5C0-7F08-4DA8-9972-A0E0836A30A9}
		{D1C22283-75D9-431A-A650-C2C69C01AE96} = {DFA0B5C0-7F08-4DA8-9972-A0E0836A30A9}
		{158F74E7-9378-42BB-91CC-6740F15FA2C1} = {DFA0B5C0-7F08-4DA8-9972-A0E0836A30A9}
		{3B3A8CCD-12C4-43B9-9AE9-EBA2F2EE48F1} = {DFA0B5C0-7F08-4DA8-9972-A0E0836A30A9}
		{79712192-F1E1-4E57-897D-8EEB3EE58FCC} = {AA7F0F89-79E0-4984-BC20-65EB47695652}
		{5706CC0D-C206-4487-87A3-FF1E0845F3BC} = {AA7F0F89-79E0-4984-BC20-65EB47695652}
		{2260FA73-DA0E-4F75-832E-BF36825EAD0A} = {AA7F0F89-79E0-4984-BC20-65EB47695652}
		{B2C40C72-55AE-43AA-BEC4-3DE438FFF4B0} = {AA7F0F89-79E0-4984-BC20-65EB47695652}
		{C60D8AE1-8E24-474A-BB60-CD8080C12E2E} = {AA7F0F89-79E0-4984-BC20-65EB47695652}
		{2CB44419-5221-4FAC-B0E0-1DA5A05AD8CE} = {4B3F6A52-5058-485B-9735-A6670EAB34E6}
		{B4972074-6904-4DF8-96D4-701588BEA36F} = {4B3F6A52-5058-485B-9735-A6670EAB34E6}
		{D6EFCD85-F7AD-468D-8EA5-23429968305B} = {4B3F6A52-5058-485B-9735-A6670EAB34E6}
		{687633DB-CD84-4B3A-B2D0-5A22C7E7CA0B} = {AA7F0F89-79E0-4984-BC20-65EB47695652}
	EndGlobalSection
	GlobalSection(ExtensibilityGlobals) = postSolution
		SolutionGuid = {6EBCBE44-C342-401A-BF63-9A705AC28D08}
	EndGlobalSection
EndGlobal
